
Microsoft Visual Studio Solution File, Format Version 12.00
# Visual Studio Version 17
VisualStudioVersion = 17.0.32014.148
MinimumVisualStudioVersion = 10.0.40219.1
Project("{FAE04EC0-301F-11D3-BF4B-00C04F79EFBC}") = "BotAssistantNB", "BotAssistantNB.csproj", "{7E44CA5B-E765-40EA-90B5-813139D06B32}"
EndProject
Global
	GlobalSection(SolutionConfigurationPlatforms) = preSolution
		Debug|Any CPU = Debug|Any CPU
		Release|Any CPU = Release|Any CPU
	EndGlobalSection
	GlobalSection(ProjectConfigurationPlatforms) = postSolution
		{7E44CA5B-E765-40EA-90B5-813139D06B32}.Debug|Any CPU.ActiveCfg = Debug|Any CPU
		{7E44CA5B-E765-40EA-90B5-813139D06B32}.Debug|Any CPU.Build.0 = Debug|Any CPU
		{7E44CA5B-E765-40EA-90B5-813139D06B32}.Release|Any CPU.ActiveCfg = Release|Any CPU
		{7E44CA5B-E765-40EA-90B5-813139D06B32}.Release|Any CPU.Build.0 = Release|Any CPU
	EndGlobalSection
	GlobalSection(SolutionProperties) = preSolution
		HideSolutionNode = FALSE
	EndGlobalSection
	GlobalSection(ExtensibilityGlobals) = postSolution
		SolutionGuid = {C1CA088D-B11F-4D67-9440-347C3A099613}
	EndGlobalSection
EndGlobal
